{
  "nodes": {
    "nixpkgs": {
      "locked": {
        "lastModified": 1758281173,
        "narHash": "sha256-BPxrwUTd9v1s8pAxZoRSzoz1rblNmygrDUJnBWk4Zf4=",
        "owner": "nixos",
        "repo": "nixpkgs",
        "rev": "d3cd6a18a41daa025f80d56fc45583b8e47eab13",
        "type": "github"
      },
      "original": {
        "owner": "nixos",
        "ref": "master",
        "repo": "nixpkgs",
        "type": "github"
      }
    },
    "root": {
      "inputs": {
        "nixpkgs": "nixpkgs"
      }
    }
  },
  "root": "root",
  "version": 7
}
