{
  "nodes": {
    "nixpkgs": {
      "locked": {
        "lastModified": 1755415845,
        "narHash": "sha256-bEBSH2/SpzO9gI89ZdlbaQH3kxvAe8jHME19LFZtE/8=",
        "owner": "nixos",
        "repo": "nixpkgs",
        "rev": "69c60f45eb7bac7f47e80552312a7a75ff14a620",
        "type": "github"
      },
      "original": {
        "owner": "nixos",
        "ref": "master",
        "repo": "nixpkgs",
        "type": "github"
      }
    },
    "root": {
      "inputs": {
        "nixpkgs": "nixpkgs"
      }
    }
  },
  "root": "root",
  "version": 7
}
